
Microsoft Visual Studio Solution File, Format Version 12.00
# Visual Studio Version 16
VisualStudioVersion = 16.0.30503.244
MinimumVisualStudioVersion = 10.0.40219.1
Project("{F184B08F-C81C-45F6-A57F-5ABD9991F28F}") = "Memory Cleaning Chrome", "Memory Cleaning Chrome\Memory Cleaning Chrome.vbproj", "{0591B5DE-701F-4EAB-8509-D96396CE3DCA}"
EndProject
Global
	GlobalSection(SolutionConfigurationPlatforms) = preSolution
		Debug|Any CPU = Debug|Any CPU
		Release|Any CPU = Release|Any CPU
	EndGlobalSection
	GlobalSection(ProjectConfigurationPlatforms) = postSolution
		{0591B5DE-701F-4EAB-8509-D96396CE3DCA}.Debug|Any CPU.ActiveCfg = Debug|Any CPU
		{0591B5DE-701F-4EAB-8509-D96396CE3DCA}.Debug|Any CPU.Build.0 = Debug|Any CPU
		{0591B5DE-701F-4EAB-8509-D96396CE3DCA}.Release|Any CPU.ActiveCfg = Release|Any CPU
		{0591B5DE-701F-4EAB-8509-D96396CE3DCA}.Release|Any CPU.Build.0 = Release|Any CPU
	EndGlobalSection
	GlobalSection(SolutionProperties) = preSolution
		HideSolutionNode = FALSE
	EndGlobalSection
	GlobalSection(ExtensibilityGlobals) = postSolution
		SolutionGuid = {A21EC649-DA8B-444B-B454-EC74E13AA508}
	EndGlobalSection
EndGlobal
